
Microsoft Visual Studio Solution File, Format Version 12.00
# Visual Studio 15
VisualStudioVersion = 15.0.27130.2024
MinimumVisualStudioVersion = 10.0.40219.1
Project("{FAE04EC0-301F-11D3-BF4B-00C04F79EFBC}") = "Light_Control_Test", "Light_Control_Test\Light_Control_Test.csproj", "{85CF6E49-6842-4F82-BADA-6B25F8B15741}"
EndProject
Global
	GlobalSection(SolutionConfigurationPlatforms) = preSolution
		Debug|Any CPU = Debug|Any CPU
		Release|Any CPU = Release|Any CPU
	EndGlobalSection
	GlobalSection(ProjectConfigurationPlatforms) = postSolution
		{85CF6E49-6842-4F82-BADA-6B25F8B15741}.Debug|Any CPU.ActiveCfg = Debug|Any CPU
		{85CF6E49-6842-4F82-BADA-6B25F8B15741}.Debug|Any CPU.Build.0 = Debug|Any CPU
		{85CF6E49-6842-4F82-BADA-6B25F8B15741}.Release|Any CPU.ActiveCfg = Release|Any CPU
		{85CF6E49-6842-4F82-BADA-6B25F8B15741}.Release|Any CPU.Build.0 = Release|Any CPU
	EndGlobalSection
	GlobalSection(SolutionProperties) = preSolution
		HideSolutionNode = FALSE
	EndGlobalSection
	GlobalSection(ExtensibilityGlobals) = postSolution
		SolutionGuid = {6422672C-45FF-4677-8FBA-D2DF855C9E5C}
	EndGlobalSection
EndGlobal
